{
    "name": "embed-chunks",
    "lockfileVersion": 3,
    "requires": true,
    "packages": {
        "": {
            "name": "embed-chunks",
            "dependencies": {
                "ollama": "^0.5.0"
            }
        },
        "node_modules/ollama": {
            "version": "0.5.14",
            "resolved": "https://registry.npmjs.org/ollama/-/ollama-0.5.14.tgz",
            "integrity": "sha512-pvOuEYa2WkkAumxzJP0RdEYHkbZ64AYyyUszXVX7ruLvk5L+EiO2G71da2GqEQ4IAk4j6eLoUbGk5arzFT1wJA==",
            "license": "MIT",
            "dependencies": {
                "whatwg-fetch": "^3.6.20"
            }
        },
        "node_modules/whatwg-fetch": {
            "version": "3.6.20",
            "license": "MIT"
        }
    }
}
